
Microsoft Visual Studio Solution File, Format Version 12.00
# Visual Studio Version 17
VisualStudioVersion = 17.1.32328.378
MinimumVisualStudioVersion = 10.0.40219.1
Project("{FAE04EC0-301F-11D3-BF4B-00C04F79EFBC}") = "FileManager", "FileManager\FileManager.csproj", "{629DBE2C-F8A4-4776-BF85-1AD02CABB03E}"
EndProject
Global
	GlobalSection(SolutionConfigurationPlatforms) = preSolution
		Debug|Any CPU = Debug|Any CPU
		Release|Any CPU = Release|Any CPU
	EndGlobalSection
	GlobalSection(ProjectConfigurationPlatforms) = postSolution
		{629DBE2C-F8A4-4776-BF85-1AD02CABB03E}.Debug|Any CPU.ActiveCfg = Debug|Any CPU
		{629DBE2C-F8A4-4776-BF85-1AD02CABB03E}.Debug|Any CPU.Build.0 = Debug|Any CPU
		{629DBE2C-F8A4-4776-BF85-1AD02CABB03E}.Release|Any CPU.ActiveCfg = Release|Any CPU
		{629DBE2C-F8A4-4776-BF85-1AD02CABB03E}.Release|Any CPU.Build.0 = Release|Any CPU
	EndGlobalSection
	GlobalSection(SolutionProperties) = preSolution
		HideSolutionNode = FALSE
	EndGlobalSection
	GlobalSection(ExtensibilityGlobals) = postSolution
		SolutionGuid = {7FF91D5F-5E54-41E0-88C1-232E9E8D62BB}
	EndGlobalSection
EndGlobal
